
Microsoft Visual Studio Solution File, Format Version 12.00
# Visual Studio Version 17
VisualStudioVersion = 17.2.32516.85
MinimumVisualStudioVersion = 10.0.40219.1
Project("{9A19103F-16F7-4668-BE54-9A1E7A4F7556}") = "AuditSeverityModule", "AuditSeverityModule.csproj", "{2FB927A8-7AD3-4BF6-9F96-27E9852CE1D5}"
EndProject
Project("{9A19103F-16F7-4668-BE54-9A1E7A4F7556}") = "AuditServerityTesting", "..\AuditSeverityTesting\AuditServerityTesting.csproj", "{DFEA9BEB-EB73-4157-A717-CDCF598193F7}"
EndProject
Global
	GlobalSection(SolutionConfigurationPlatforms) = preSolution
		Debug|Any CPU = Debug|Any CPU
		Release|Any CPU = Release|Any CPU
	EndGlobalSection
	GlobalSection(ProjectConfigurationPlatforms) = postSolution
		{2FB927A8-7AD3-4BF6-9F96-27E9852CE1D5}.Debug|Any CPU.ActiveCfg = Debug|Any CPU
		{2FB927A8-7AD3-4BF6-9F96-27E9852CE1D5}.Debug|Any CPU.Build.0 = Debug|Any CPU
		{2FB927A8-7AD3-4BF6-9F96-27E9852CE1D5}.Release|Any CPU.ActiveCfg = Release|Any CPU
		{2FB927A8-7AD3-4BF6-9F96-27E9852CE1D5}.Release|Any CPU.Build.0 = Release|Any CPU
		{DFEA9BEB-EB73-4157-A717-CDCF598193F7}.Debug|Any CPU.ActiveCfg = Debug|Any CPU
		{DFEA9BEB-EB73-4157-A717-CDCF598193F7}.Debug|Any CPU.Build.0 = Debug|Any CPU
		{DFEA9BEB-EB73-4157-A717-CDCF598193F7}.Release|Any CPU.ActiveCfg = Release|Any CPU
		{DFEA9BEB-EB73-4157-A717-CDCF598193F7}.Release|Any CPU.Build.0 = Release|Any CPU
	EndGlobalSection
	GlobalSection(SolutionProperties) = preSolution
		HideSolutionNode = FALSE
	EndGlobalSection
	GlobalSection(ExtensibilityGlobals) = postSolution
		SolutionGuid = {43F586BC-58B1-4864-B4E5-A072EB31EB47}
	EndGlobalSection
EndGlobal
